
Microsoft Visual Studio Solution File, Format Version 12.00
# Visual Studio Version 16
VisualStudioVersion = 16.0.30114.105
MinimumVisualStudioVersion = 10.0.40219.1
Project("{2150E333-8FDC-42A3-9474-1A3956D46DE8}") = "src", "src", "{35550447-8038-4BF5-B6D8-D9821F09C4E8}"
EndProject
Project("{FAE04EC0-301F-11D3-BF4B-00C04F79EFBC}") = "json", "src\json\json.csproj", "{AAD26DA5-519C-48F1-8B22-FE61C7ABFA56}"
EndProject
Global
	GlobalSection(SolutionConfigurationPlatforms) = preSolution
		Debug|Any CPU = Debug|Any CPU
		Release|Any CPU = Release|Any CPU
	EndGlobalSection
	GlobalSection(SolutionProperties) = preSolution
		HideSolutionNode = FALSE
	EndGlobalSection
	GlobalSection(ProjectConfigurationPlatforms) = postSolution
		{AAD26DA5-519C-48F1-8B22-FE61C7ABFA56}.Debug|Any CPU.ActiveCfg = Debug|Any CPU
		{AAD26DA5-519C-48F1-8B22-FE61C7ABFA56}.Debug|Any CPU.Build.0 = Debug|Any CPU
		{AAD26DA5-519C-48F1-8B22-FE61C7ABFA56}.Release|Any CPU.ActiveCfg = Release|Any CPU
		{AAD26DA5-519C-48F1-8B22-FE61C7ABFA56}.Release|Any CPU.Build.0 = Release|Any CPU
	EndGlobalSection
	GlobalSection(NestedProjects) = preSolution
		{AAD26DA5-519C-48F1-8B22-FE61C7ABFA56} = {35550447-8038-4BF5-B6D8-D9821F09C4E8}
	EndGlobalSection
EndGlobal
