
Microsoft Visual Studio Solution File, Format Version 12.00
# Visual Studio Version 17
VisualStudioVersion = 17.1.32414.318
MinimumVisualStudioVersion = 10.0.40219.1
Project("{2150E333-8FDC-42A3-9474-1A3956D46DE8}") = "src", "src", "{56ED2292-77CB-4638-BC80-00A2993F85D3}"
EndProject
Project("{9A19103F-16F7-4668-BE54-9A1E7A4F7556}") = "demoapi", "src\demoapi\demoapi.csproj", "{C0B9ABD6-E0E9-4A87-A9AF-C92AB70ACDE1}"
EndProject
Global
	GlobalSection(SolutionConfigurationPlatforms) = preSolution
		Debug|Any CPU = Debug|Any CPU
		Release|Any CPU = Release|Any CPU
	EndGlobalSection
	GlobalSection(ProjectConfigurationPlatforms) = postSolution
		{C0B9ABD6-E0E9-4A87-A9AF-C92AB70ACDE1}.Debug|Any CPU.ActiveCfg = Debug|Any CPU
		{C0B9ABD6-E0E9-4A87-A9AF-C92AB70ACDE1}.Debug|Any CPU.Build.0 = Debug|Any CPU
		{C0B9ABD6-E0E9-4A87-A9AF-C92AB70ACDE1}.Release|Any CPU.ActiveCfg = Release|Any CPU
		{C0B9ABD6-E0E9-4A87-A9AF-C92AB70ACDE1}.Release|Any CPU.Build.0 = Release|Any CPU
	EndGlobalSection
	GlobalSection(SolutionProperties) = preSolution
		HideSolutionNode = FALSE
	EndGlobalSection
	GlobalSection(NestedProjects) = preSolution
		{C0B9ABD6-E0E9-4A87-A9AF-C92AB70ACDE1} = {56ED2292-77CB-4638-BC80-00A2993F85D3}
	EndGlobalSection
	GlobalSection(ExtensibilityGlobals) = postSolution
		SolutionGuid = {A73C4C19-BA9A-4C64-9961-F5D83324D13B}
	EndGlobalSection
EndGlobal
